// !$*UTF8*$!
{
	archiveVersion = 1;
	classes = {
	};
	objectVersion = 50;
	objects = {

/* Begin PBXBuildFile section */
		975EF4C420AC87FA00E5D50A /* AppDelegate.swift in Sources */ = {isa = PBXBuildFile; fileRef = 975EF4C320AC87FA00E5D50A /* AppDelegate.swift */; };
		975EF4C620AC87FA00E5D50A /* ViewController.swift in Sources */ = {isa = PBXBuildFile; fileRef = 975EF4C520AC87FA00E5D50A /* ViewController.swift */; };
		975EF4C920AC87FA00E5D50A /* Main.storyboard in Resources */ = {isa = PBXBuildFile; fileRef = 975EF4C720AC87FA00E5D50A /* Main.storyboard */; };
		975EF4CB20AC87FB00E5D50A /* Assets.xcassets in Resources */ = {isa = PBXBuildFile; fileRef = 975EF4CA20AC87FB00E5D50A /* Assets.xcassets */; };
		975EF4CE20AC87FB00E5D50A /* LaunchScreen.storyboard in Resources */ = {isa = PBXBuildFile; fileRef = 975EF4CC20AC87FB00E5D50A /* LaunchScreen.storyboard */; };
		975EF4D620AC947B00E5D50A /* CameraController.swift in Sources */ = {isa = PBXBuildFile; fileRef = 975EF4D520AC947B00E5D50A /* CameraController.swift */; };
/* End PBXBuildFile section */

/* Begin PBXFileReference section */
		975EF4C020AC87FA00E5D50A /* Iris Tracker.app */ = {isa = PBXFileReference; explicitFileType = wrapper.application; includeInIndex = 0; path = "Iris Tracker.app"; sourceTree = BUILT_PRODUCTS_DIR; };
		975EF4C320AC87FA00E5D50A /* AppDelegate.swift */ = {isa = PBXFileReference; lastKnownFileType = sourcecode.swift; path = AppDelegate.swift; sourceTree = "<group>"; };
		975EF4C520AC87FA00E5D50A /* ViewController.swift */ = {isa = PBXFileReference; lastKnownFileType = sourcecode.swift; path = ViewController.swift; sourceTree = "<group>"; };
		975EF4C820AC87FA00E5D50A /* Base */ = {isa = PBXFileReference; lastKnownFileType = file.storyboard; name = Base; path = Base.lproj/Main.storyboard; sourceTree = "<group>"; };
		975EF4CA20AC87FB00E5D50A /* Assets.xcassets */ = {isa = PBXFileReference; lastKnownFileType = folder.assetcatalog; path = Assets.xcassets; sourceTree = "<group>"; };
		975EF4CD20AC87FB00E5D50A /* Base */ = {isa = PBXFileReference; lastKnownFileType = file.storyboard; name = Base; path = Base.lproj/LaunchScreen.storyboard; sourceTree = "<group>"; };
		975EF4CF20AC87FB00E5D50A /* Info.plist */ = {isa = PBXFileReference; lastKnownFileType = text.plist.xml; path = Info.plist; sourceTree = "<group>"; };
		975EF4D520AC947B00E5D50A /* CameraController.swift */ = {isa = PBXFileReference; lastKnownFileType = sourcecode.swift; path = CameraController.swift; sourceTree = "<group>"; };
/* End PBXFileReference section */

/* Begin PBXFrameworksBuildPhase section */
		975EF4BD20AC87FA00E5D50A /* Frameworks */ = {
			isa = PBXFrameworksBuildPhase;
			buildActionMask = 2147483647;
			files = (
			);
			runOnlyForDeploymentPostprocessing = 0;
		};
/* End PBXFrameworksBuildPhase section */

/* Begin PBXGroup section */
		975EF4B720AC87FA00E5D50A = {
			isa = PBXGroup;
			children = (
				975EF4C720AC87FA00E5D50A /* Main.storyboard */,
				975EF4CA20AC87FB00E5D50A /* Assets.xcassets */,
				975EF4C520AC87FA00E5D50A /* ViewController.swift */,
				975EF4C220AC87FA00E5D50A /* Iris Tracker */,
				975EF4C120AC87FA00E5D50A /* Products */,
			);
			sourceTree = "<group>";
		};
		975EF4C120AC87FA00E5D50A /* Products */ = {
			isa = PBXGroup;
			children = (
				975EF4C020AC87FA00E5D50A /* Iris Tracker.app */,
			);
			name = Products;
			sourceTree = "<group>";
		};
		975EF4C220AC87FA00E5D50A /* Iris Tracker */ = {
			isa = PBXGroup;
			children = (
				975EF4C320AC87FA00E5D50A /* AppDelegate.swift */,
				975EF4CC20AC87FB00E5D50A /* LaunchScreen.storyboard */,
				975EF4D520AC947B00E5D50A /* CameraController.swift */,
				975EF4CF20AC87FB00E5D50A /* Info.plist */,
			);
			path = "Iris Tracker";
			sourceTree = "<group>";
		};
/* End PBXGroup section */

/* Begin PBXNativeTarget section */
		975EF4BF20AC87FA00E5D50A /* Iris Tracker */ = {
			isa = PBXNativeTarget;
			buildConfigurationList = 975EF4D220AC87FB00E5D50A /* Build configuration list for PBXNativeTarget "Iris Tracker" */;
			buildPhases = (
				975EF4BC20AC87FA00E5D50A /* Sources */,
				975EF4BD20AC87FA00E5D50A /* Frameworks */,
				975EF4BE20AC87FA00E5D50A /* Resources */,
			);
			buildRules = (
			);
			dependencies = (
			);
			name = "Iris Tracker";
			productName = "Iris Tracker";
			productReference = 975EF4C020AC87FA00E5D50A /* Iris Tracker.app */;
			productType = "com.apple.product-type.application";
		};
/* End PBXNativeTarget section */

/* Begin PBXProject section */
		975EF4B820AC87FA00E5D50A /* Project object */ = {
			isa = PBXProject;
			attributes = {
				LastSwiftUpdateCheck = 0930;
				LastUpgradeCheck = 0930;
				ORGANIZATIONNAME = "Himanshu Ahuja";
				TargetAttributes = {
					975EF4BF20AC87FA00E5D50A = {
						CreatedOnToolsVersion = 9.3;
					};
				};
			};
			buildConfigurationList = 975EF4BB20AC87FA00E5D50A /* Build configuration list for PBXProject "Iris Tracker" */;
			compatibilityVersion = "Xcode 9.3";
			developmentRegion = en;
			hasScannedForEncodings = 0;
			knownRegions = (
				en,
				Base,
			);
			mainGroup = 975EF4B720AC87FA00E5D50A;
			productRefGroup = 975EF4C120AC87FA00E5D50A /* Products */;
			projectDirPath = "";
			projectRoot = "";
			targets = (
				975EF4BF20AC87FA00E5D50A /* Iris Tracker */,
			);
		};
/* End PBXProject section */

/* Begin PBXResourcesBuildPhase section */
		975EF4BE20AC87FA00E5D50A /* Resources */ = {
			isa = PBXResourcesBuildPhase;
			buildActionMask = 2147483647;
			files = (
				975EF4CE20AC87FB00E5D50A /* LaunchScreen.storyboard in Resources */,
				975EF4CB20AC87FB00E5D50A /* Assets.xcassets in Resources */,
				975EF4C920AC87FA00E5D50A /* Main.storyboard in Resources */,
			);
			runOnlyForDeploymentPostprocessing = 0;
		};
/* End PBXResourcesBuildPhase section */

/* Begin PBXSourcesBuildPhase section */
		975EF4BC20AC87FA00E5D50A /* Sources */ = {
			isa = PBXSourcesBuildPhase;
			buildActionMask = 2147483647;
			files = (
				975EF4D620AC947B00E5D50A /* CameraController.swift in Sources */,
				975EF4C620AC87FA00E5D50A /* ViewController.swift in Sources */,
				975EF4C420AC87FA00E5D50A /* AppDelegate.swift in Sources */,
			);
			runOnlyForDeploymentPostprocessing = 0;
		};
/* End PBXSourcesBuildPhase section */

/* Begin PBXVariantGroup section */
		975EF4C720AC87FA00E5D50A /* Main.storyboard */ = {
			isa = PBXVariantGroup;
			children = (
				975EF4C820AC87FA00E5D50A /* Base */,
			);
			name = Main.storyboard;
			sourceTree = "<group>";
		};
		975EF4CC20AC87FB00E5D50A /* LaunchScreen.storyboard */ = {
			isa = PBXVariantGroup;
			children = (
				975EF4CD20AC87FB00E5D50A /* Base */,
			);
			name = LaunchScreen.storyboard;
			sourceTree = "<group>";
		};
/* End PBXVariantGroup section */

/* Begin XCBuildConfiguration section */
		975EF4D020AC87FB00E5D50A /* Debug */ = {
			isa = XCBuildConfiguration;
			buildSettings = {
				ALWAYS_SEARCH_USER_PATHS = NO;
				CLANG_ANALYZER_NONNULL = YES;
				CLANG_ANALYZER_NUMBER_OBJECT_CONVERSION = YES_AGGRESSIVE;
				CLANG_CXX_LANGUAGE_STANDARD = "gnu++14";
				CLANG_CXX_LIBRARY = "libc++";
				CLANG_ENABLE_MODULES = YES;
				CLANG_ENABLE_OBJC_ARC = YES;
				CLANG_ENABLE_OBJC_WEAK = YES;
				CLANG_WARN_BLOCK_CAPTURE_AUTORELEASING = YES;
				CLANG_WARN_BOOL_CONVERSION = YES;
				CLANG_WARN_COMMA = YES;
				CLANG_WARN_CONSTANT_CONVERSION = YES;
				CLANG_WARN_DEPRECATED_OBJC_IMPLEMENTATIONS = YES;
				CLANG_WARN_DIRECT_OBJC_ISA_USAGE = YES_ERROR;
				CLANG_WARN_DOCUMENTATION_COMMENTS = YES;
				CLANG_WARN_EMPTY_BODY = YES;
				CLANG_WARN_ENUM_CONVERSION = YES;
				CLANG_WARN_INFINITE_RECURSION = YES;
				CLANG_WARN_INT_CONVERSION = YES;
				CLANG_WARN_NON_LITERAL_NULL_CONVERSION = YES;
				CLANG_WARN_OBJC_IMPLICIT_RETAIN_SELF = YES;
				CLANG_WARN_OBJC_LITERAL_CONVERSION = YES;
				CLANG_WARN_OBJC_ROOT_CLASS = YES_ERROR;
				CLANG_WARN_RANGE_LOOP_ANALYSIS = YES;
				CLANG_WARN_STRICT_PROTOTYPES = YES;
				CLANG_WARN_SUSPICIOUS_MOVE = YES;
				CLANG_WARN_UNGUARDED_AVAILABILITY = YES_AGGRESSIVE;
				CLANG_WARN_UNREACHABLE_CODE = YES;
				CLANG_WARN__DUPLICATE_METHOD_MATCH = YES;
				CODE_SIGN_IDENTITY = "iPhone Developer";
				COPY_PHASE_STRIP = NO;
				DEBUG_INFORMATION_FORMAT = dwarf;
				ENABLE_STRICT_OBJC_MSGSEND = YES;
				ENABLE_TESTABILITY = YES;
				GCC_C_LANGUAGE_STANDARD = gnu11;
				GCC_DYNAMIC_NO_PIC = NO;
				GCC_NO_COMMON_BLOCKS = YES;
				GCC_OPTIMIZATION_LEVEL = 0;
				GCC_PREPROCESSOR_DEFINITIONS = (
					"DEBUG=1",
					"$(inherited)",
				);
				GCC_WARN_64_TO_32_BIT_CONVERSION = YES;
				GCC_WARN_ABOUT_RETURN_TYPE = YES_ERROR;
				GCC_WARN_UNDECLARED_SELECTOR = YES;
				GCC_WARN_UNINITIALIZED_AUTOS = YES_AGGRESSIVE;
				GCC_WARN_UNUSED_FUNCTION = YES;
				GCC_WARN_UNUSED_VARIABLE = YES;
				IPHONEOS_DEPLOYMENT_TARGET = 11.3;
				MTL_ENABLE_DEBUG_INFO = YES;
				ONLY_ACTIVE_ARCH = YES;
				SDKROOT = iphoneos;
				SWIFT_ACTIVE_COMPILATION_CONDITIONS = DEBUG;
				SWIFT_OPTIMIZATION_LEVEL = "-Onone";
			};
			name = Debug;
		};
		975EF4D120AC87FB00E5D50A /* Release */ = {
			isa = XCBuildConfiguration;
			buildSettings = {
				ALWAYS_SEARCH_USER_PATHS = NO;
				CLANG_ANALYZER_NONNULL = YES;
				CLANG_ANALYZER_NUMBER_OBJECT_CONVERSION = YES_AGGRESSIVE;
				CLANG_CXX_LANGUAGE_STANDARD = "gnu++14";
				CLANG_CXX_LIBRARY = "libc++";
				CLANG_ENABLE_MODULES = YES;
				CLANG_ENABLE_OBJC_ARC = YES;
				CLANG_ENABLE_OBJC_WEAK = YES;
				CLANG_WARN_BLOCK_CAPTURE_AUTORELEASING = YES;
				CLANG_WARN_BOOL_CONVERSION = YES;
				CLANG_WARN_COMMA = YES;
				CLANG_WARN_CONSTANT_CONVERSION = YES;
				CLANG_WARN_DEPRECATED_OBJC_IMPLEMENTATIONS = YES;
				CLANG_WARN_DIRECT_OBJC_ISA_USAGE = YES_ERROR;
				CLANG_WARN_DOCUMENTATION_COMMENTS = YES;
				CLANG_WARN_EMPTY_BODY = YES;
				CLANG_WARN_ENUM_CONVERSION = YES;
				CLANG_WARN_INFINITE_RECURSION = YES;
				CLANG_WARN_INT_CONVERSION = YES;
				CLANG_WARN_NON_LITERAL_NULL_CONVERSION = YES;
				CLANG_WARN_OBJC_IMPLICIT_RETAIN_SELF = YES;
				CLANG_WARN_OBJC_LITERAL_CONVERSION = YES;
				CLANG_WARN_OBJC_ROOT_CLASS = YES_ERROR;
				CLANG_WARN_RANGE_LOOP_ANALYSIS = YES;
				CLANG_WARN_STRICT_PROTOTYPES = YES;
				CLANG_WARN_SUSPICIOUS_MOVE = YES;
				CLANG_WARN_UNGUARDED_AVAILABILITY = YES_AGGRESSIVE;
				CLANG_WARN_UNREACHABLE_CODE = YES;
				CLANG_WARN__DUPLICATE_METHOD_MATCH = YES;
				CODE_SIGN_IDENTITY = "iPhone Developer";
				COPY_PHASE_STRIP = NO;
				DEBUG_INFORMATION_FORMAT = "dwarf-with-dsym";
				ENABLE_NS_ASSERTIONS = NO;
				ENABLE_STRICT_OBJC_MSGSEND = YES;
				GCC_C_LANGUAGE_STANDARD = gnu11;
				GCC_NO_COMMON_BLOCKS = YES;
				GCC_WARN_64_TO_32_BIT_CONVERSION = YES;
				GCC_WARN_ABOUT_RETURN_TYPE = YES_ERROR;
				GCC_WARN_UNDECLARED_SELECTOR = YES;
				GCC_WARN_UNINITIALIZED_AUTOS = YES_AGGRESSIVE;
				GCC_WARN_UNUSED_FUNCTION = YES;
				GCC_WARN_UNUSED_VARIABLE = YES;
				IPHONEOS_DEPLOYMENT_TARGET = 11.3;
				MTL_ENABLE_DEBUG_INFO = NO;
				SDKROOT = iphoneos;
				SWIFT_COMPILATION_MODE = wholemodule;
				SWIFT_OPTIMIZATION_LEVEL = "-O";
				VALIDATE_PRODUCT = YES;
			};
			name = Release;
		};
		975EF4D320AC87FB00E5D50A /* Debug */ = {
			isa = XCBuildConfiguration;
			buildSettings = {
				ASSETCATALOG_COMPILER_APPICON_NAME = AppIcon;
				CODE_SIGN_STYLE = Automatic;
				DEVELOPMENT_TEAM = 6V8949R93S;
				INFOPLIST_FILE = "Iris Tracker/Info.plist";
				LD_RUNPATH_SEARCH_PATHS = (
					"$(inherited)",
					"@executable_path/Frameworks",
				);
				PRODUCT_BUNDLE_IDENTIFIER = "Himanshu-Ahuja.Iris-Tracker";
				PRODUCT_NAME = "$(TARGET_NAME)";
				SWIFT_VERSION = 4.0;
				TARGETED_DEVICE_FAMILY = "1,2";
			};
			name = Debug;
		};
		975EF4D420AC87FB00E5D50A /* Release */ = {
			isa = XCBuildConfiguration;
			buildSettings = {
				ASSETCATALOG_COMPILER_APPICON_NAME = AppIcon;
				CODE_SIGN_STYLE = Automatic;
				DEVELOPMENT_TEAM = 6V8949R93S;
				INFOPLIST_FILE = "Iris Tracker/Info.plist";
				LD_RUNPATH_SEARCH_PATHS = (
					"$(inherited)",
					"@executable_path/Frameworks",
				);
				PRODUCT_BUNDLE_IDENTIFIER = "Himanshu-Ahuja.Iris-Tracker";
				PRODUCT_NAME = "$(TARGET_NAME)";
				SWIFT_VERSION = 4.0;
				TARGETED_DEVICE_FAMILY = "1,2";
			};
			name = Release;
		};
/* End XCBuildConfiguration section */

/* Begin XCConfigurationList section */
		975EF4BB20AC87FA00E5D50A /* Build configuration list for PBXProject "Iris Tracker" */ = {
			isa = XCConfigurationList;
			buildConfigurations = (
				975EF4D020AC87FB00E5D50A /* Debug */,
				975EF4D120AC87FB00E5D50A /* Release */,
			);
			defaultConfigurationIsVisible = 0;
			defaultConfigurationName = Release;
		};
		975EF4D220AC87FB00E5D50A /* Build configuration list for PBXNativeTarget "Iris Tracker" */ = {
			isa = XCConfigurationList;
			buildConfigurations = (
				975EF4D320AC87FB00E5D50A /* Debug */,
				975EF4D420AC87FB00E5D50A /* Release */,
			);
			defaultConfigurationIsVisible = 0;
			defaultConfigurationName = Release;
		};
/* End XCConfigurationList section */
	};
	rootObject = 975EF4B820AC87FA00E5D50A /* Project object */;
}
